<?xml version="1.0" encoding="utf-8"?>
<Project ToolsVersion="4.0" xmlns="http://schemas.microsoft.com/developer/msbuild/2003">
  <ItemGroup>
    <Filter Include="源文件">
      <UniqueIdentifier>{4FC737F1-C7A5-4376-A066-2A32D752A2FF}</UniqueIdentifier>
      <Extensions>cpp;c;cc;cxx;c++;cppm;ixx;def;odl;idl;hpj;bat;asm;asmx</Extensions>
    </Filter>
    <Filter Include="头文件">
      <UniqueIdentifier>{93995380-89BD-4b04-88EB-625FBE52EBFB}</UniqueIdentifier>
      <Extensions>h;hh;hpp;hxx;h++;hm;inl;inc;ipp;xsd</Extensions>
    </Filter>
    <Filter Include="资源文件">
      <UniqueIdentifier>{67DA6AB6-F800-4c08-8B7A-83BB121AAD01}</UniqueIdentifier>
      <Extensions>rc;ico;cur;bmp;dlg;rc2;rct;bin;rgs;gif;jpg;jpeg;jpe;resx;tiff;tif;png;wav;mfcribbon-ms</Extensions>
    </Filter>
  </ItemGroup>
  <ItemGroup>
    <ClCompile Include="1.c++的全局区的 global  local局部.cpp">
      <Filter>源文件</Filter>
    </ClCompile>
    <ClCompile Include="2.引用的理解和使用，函数返回引用.cpp">
      <Filter>源文件</Filter>
    </ClCompile>
    <ClCompile Include="3.new个delet的应用 创建和.cpp">
      <Filter>源文件</Filter>
    </ClCompile>
    <ClCompile Include="4.类的应用  学生类.cpp">
      <Filter>源文件</Filter>
    </ClCompile>
    <ClCompile Include="5.类封装的权限和使用.cpp">
      <Filter>源文件</Filter>
    </ClCompile>
    <ClCompile Include="6.权限的使用  控制数据有效性 可读.cpp">
      <Filter>源文件</Filter>
    </ClCompile>
    <ClCompile Include="7.立方体案例.cpp">
      <Filter>源文件</Filter>
    </ClCompile>
    <ClCompile Include="8.circle and point .cpp">
      <Filter>源文件</Filter>
    </ClCompile>
    <ClCompile Include="9.拷贝构造 构造  析构 .cpp">
      <Filter>源文件</Filter>
    </ClCompile>
    <ClCompile Include="10.拷贝构造函数的调用时机.cpp">
      <Filter>源文件</Filter>
    </ClCompile>
    <ClCompile Include="11.深拷贝浅拷贝的问题.cpp">
      <Filter>源文件</Filter>
    </ClCompile>
    <ClCompile Include="12.类作为类的成员.cpp">
      <Filter>源文件</Filter>
    </ClCompile>
    <ClCompile Include="13.static 成员变量和成员函数 .cpp">
      <Filter>源文件</Filter>
    </ClCompile>
    <ClCompile Include="14.this指针 做函数返回值 常函数.cpp">
      <Filter>源文件</Filter>
    </ClCompile>
    <ClCompile Include="15.友元 全局函数  类  类的成员函数.cpp">
      <Filter>源文件</Filter>
    </ClCompile>
    <ClCompile Include="16.运算符重载.cpp">
      <Filter>源文件</Filter>
    </ClCompile>
    <ClCompile Include="17.运算符重载 赋值运算符.cpp">
      <Filter>源文件</Filter>
    </ClCompile>
    <ClCompile Include="18.菱形继承的概念 虚继承virtual.cpp">
      <Filter>源文件</Filter>
    </ClCompile>
    <ClCompile Include="19.类多态的使用 子类重写父类虚函数.cpp">
      <Filter>源文件</Filter>
    </ClCompile>
    <ClCompile Include="20.计算机使用的多态场景.cpp">
      <Filter>源文件</Filter>
    </ClCompile>
    <ClCompile Include="21.泡茶 泡咖啡 多态继承使用场景.cpp">
      <Filter>源文件</Filter>
    </ClCompile>
    <ClCompile Include="22.计算机制造的多态场景使用.cpp">
      <Filter>源文件</Filter>
    </ClCompile>
    <ClCompile Include="23.文件的写入读写 以及二进制读写.cpp">
      <Filter>源文件</Filter>
    </ClCompile>
    <ClCompile Include="24.模板的使用 及其创建.cpp">
      <Filter>源文件</Filter>
    </ClCompile>
    <ClCompile Include="25.模板的使用场景以及局限性 模板的重载.cpp">
      <Filter>源文件</Filter>
    </ClCompile>
    <ClCompile Include="26.类模板的使用 以及应用.cpp">
      <Filter>源文件</Filter>
    </ClCompile>
    <ClCompile Include="27.类模板的继承 及其分文件编写.cpp">
      <Filter>源文件</Filter>
    </ClCompile>
    <ClCompile Include="28.类模板的友元函数 类内外实现 建议类内实现.cpp">
      <Filter>源文件</Filter>
    </ClCompile>
    <ClCompile Include="29.类模板的使用案例.cpp">
      <Filter>源文件</Filter>
    </ClCompile>
    <ClCompile Include="30.STL 容器的使用 .cpp">
      <Filter>源文件</Filter>
    </ClCompile>
    <ClCompile Include="31.牛客网二叉树遍历的实现.cpp">
      <Filter>源文件</Filter>
    </ClCompile>
    <ClCompile Include="testVector.cpp">
      <Filter>源文件</Filter>
    </ClCompile>
    <ClCompile Include="stdVector static list.cpp">
      <Filter>源文件</Filter>
    </ClCompile>
    <ClCompile Include="智能指针.cpp">
      <Filter>源文件</Filter>
    </ClCompile>
  </ItemGroup>
  <ItemGroup>
    <ClInclude Include="类模板的使用 分文件编写.hpp">
      <Filter>头文件</Filter>
    </ClInclude>
    <ClInclude Include="类模板的使用案例.hpp">
      <Filter>头文件</Filter>
    </ClInclude>
    <ClInclude Include="Vector.hpp">
      <Filter>头文件</Filter>
    </ClInclude>
    <ClInclude Include="mshared_pointer.h">
      <Filter>头文件</Filter>
    </ClInclude>
  </ItemGroup>
</Project>